// !$*UTF8*$!
{
	archiveVersion = 1;
	classes = {
	};
	objectVersion = 48;
	objects = {

/* Begin PBXBuildFile section */
		3F0388B720B2CA0500D0CB38 /* SongDetailsViewController.swift in Sources */ = {isa = PBXBuildFile; fileRef = 3F0388B620B2CA0500D0CB38 /* SongDetailsViewController.swift */; };
		3F0388B920B2D69000D0CB38 /* ArtistAlbumsViewController.swift in Sources */ = {isa = PBXBuildFile; fileRef = 3F0388B820B2D69000D0CB38 /* ArtistAlbumsViewController.swift */; };
		3F0388BD20B2DC8B00D0CB38 /* AlbumInfo.swift in Sources */ = {isa = PBXBuildFile; fileRef = 3F0388BC20B2DC8B00D0CB38 /* AlbumInfo.swift */; };
		3FAFF28F20AEE0D70015C46D /* GenreTableViewCell.swift in Sources */ = {isa = PBXBuildFile; fileRef = 3FAFF28E20AEE0D70015C46D /* GenreTableViewCell.swift */; };
		3FBA897820AED98800AC0BBF /* AppDelegate.swift in Sources */ = {isa = PBXBuildFile; fileRef = 3FBA897720AED98800AC0BBF /* AppDelegate.swift */; };
		3FBA897A20AED98800AC0BBF /* ViewController.swift in Sources */ = {isa = PBXBuildFile; fileRef = 3FBA897920AED98800AC0BBF /* ViewController.swift */; };
		3FBA897D20AED98800AC0BBF /* Main.storyboard in Resources */ = {isa = PBXBuildFile; fileRef = 3FBA897B20AED98800AC0BBF /* Main.storyboard */; };
		3FBA897F20AED98800AC0BBF /* Assets.xcassets in Resources */ = {isa = PBXBuildFile; fileRef = 3FBA897E20AED98800AC0BBF /* Assets.xcassets */; };
		3FBA898220AED98800AC0BBF /* LaunchScreen.storyboard in Resources */ = {isa = PBXBuildFile; fileRef = 3FBA898020AED98800AC0BBF /* LaunchScreen.storyboard */; };
		3FE8AB5B20AF3EE90048A02E /* GenreInfo.swift in Sources */ = {isa = PBXBuildFile; fileRef = 3FE8AB5A20AF3EE80048A02E /* GenreInfo.swift */; };
		3FEB134620B1921E0069BF71 /* SongInfo.swift in Sources */ = {isa = PBXBuildFile; fileRef = 3FEB134520B1921E0069BF71 /* SongInfo.swift */; };
		3FEB134820B198750069BF71 /* SongsListViewController.swift in Sources */ = {isa = PBXBuildFile; fileRef = 3FEB134720B198750069BF71 /* SongsListViewController.swift */; };
		3FEB134B20B19D490069BF71 /* SongsTableViewCell.swift in Sources */ = {isa = PBXBuildFile; fileRef = 3FEB134A20B19D490069BF71 /* SongsTableViewCell.swift */; };
/* End PBXBuildFile section */

/* Begin PBXFileReference section */
		3F0388B620B2CA0500D0CB38 /* SongDetailsViewController.swift */ = {isa = PBXFileReference; lastKnownFileType = sourcecode.swift; path = SongDetailsViewController.swift; sourceTree = "<group>"; };
		3F0388B820B2D69000D0CB38 /* ArtistAlbumsViewController.swift */ = {isa = PBXFileReference; lastKnownFileType = sourcecode.swift; path = ArtistAlbumsViewController.swift; sourceTree = "<group>"; };
		3F0388BC20B2DC8B00D0CB38 /* AlbumInfo.swift */ = {isa = PBXFileReference; lastKnownFileType = sourcecode.swift; path = AlbumInfo.swift; sourceTree = "<group>"; };
		3FAFF28E20AEE0D70015C46D /* GenreTableViewCell.swift */ = {isa = PBXFileReference; lastKnownFileType = sourcecode.swift; path = GenreTableViewCell.swift; sourceTree = "<group>"; };
		3FBA897420AED98800AC0BBF /* MusicPlayer.app */ = {isa = PBXFileReference; explicitFileType = wrapper.application; includeInIndex = 0; path = MusicPlayer.app; sourceTree = BUILT_PRODUCTS_DIR; };
		3FBA897720AED98800AC0BBF /* AppDelegate.swift */ = {isa = PBXFileReference; lastKnownFileType = sourcecode.swift; path = AppDelegate.swift; sourceTree = "<group>"; };
		3FBA897920AED98800AC0BBF /* ViewController.swift */ = {isa = PBXFileReference; lastKnownFileType = sourcecode.swift; path = ViewController.swift; sourceTree = "<group>"; };
		3FBA897C20AED98800AC0BBF /* Base */ = {isa = PBXFileReference; lastKnownFileType = file.storyboard; name = Base; path = Base.lproj/Main.storyboard; sourceTree = "<group>"; };
		3FBA897E20AED98800AC0BBF /* Assets.xcassets */ = {isa = PBXFileReference; lastKnownFileType = folder.assetcatalog; path = Assets.xcassets; sourceTree = "<group>"; };
		3FBA898120AED98800AC0BBF /* Base */ = {isa = PBXFileReference; lastKnownFileType = file.storyboard; name = Base; path = Base.lproj/LaunchScreen.storyboard; sourceTree = "<group>"; };
		3FBA898320AED98800AC0BBF /* Info.plist */ = {isa = PBXFileReference; lastKnownFileType = text.plist.xml; path = Info.plist; sourceTree = "<group>"; };
		3FE8AB5A20AF3EE80048A02E /* GenreInfo.swift */ = {isa = PBXFileReference; lastKnownFileType = sourcecode.swift; path = GenreInfo.swift; sourceTree = "<group>"; };
		3FEB134520B1921E0069BF71 /* SongInfo.swift */ = {isa = PBXFileReference; lastKnownFileType = sourcecode.swift; path = SongInfo.swift; sourceTree = "<group>"; };
		3FEB134720B198750069BF71 /* SongsListViewController.swift */ = {isa = PBXFileReference; lastKnownFileType = sourcecode.swift; path = SongsListViewController.swift; sourceTree = "<group>"; };
		3FEB134A20B19D490069BF71 /* SongsTableViewCell.swift */ = {isa = PBXFileReference; lastKnownFileType = sourcecode.swift; path = SongsTableViewCell.swift; sourceTree = "<group>"; };
/* End PBXFileReference section */

/* Begin PBXFrameworksBuildPhase section */
		3FBA897120AED98800AC0BBF /* Frameworks */ = {
			isa = PBXFrameworksBuildPhase;
			buildActionMask = 2147483647;
			files = (
			);
			runOnlyForDeploymentPostprocessing = 0;
		};
/* End PBXFrameworksBuildPhase section */

/* Begin PBXGroup section */
		3FBA896B20AED98800AC0BBF = {
			isa = PBXGroup;
			children = (
				3FBA897620AED98800AC0BBF /* MusicPlayer */,
				3FBA897520AED98800AC0BBF /* Products */,
			);
			sourceTree = "<group>";
		};
		3FBA897520AED98800AC0BBF /* Products */ = {
			isa = PBXGroup;
			children = (
				3FBA897420AED98800AC0BBF /* MusicPlayer.app */,
			);
			name = Products;
			sourceTree = "<group>";
		};
		3FBA897620AED98800AC0BBF /* MusicPlayer */ = {
			isa = PBXGroup;
			children = (
				3FBA897720AED98800AC0BBF /* AppDelegate.swift */,
				3FBA897920AED98800AC0BBF /* ViewController.swift */,
				3FEB134720B198750069BF71 /* SongsListViewController.swift */,
				3F0388B620B2CA0500D0CB38 /* SongDetailsViewController.swift */,
				3F0388B820B2D69000D0CB38 /* ArtistAlbumsViewController.swift */,
				3FEB134920B19D0D0069BF71 /* Model */,
				3FBA897B20AED98800AC0BBF /* Main.storyboard */,
				3FBA897E20AED98800AC0BBF /* Assets.xcassets */,
				3FBA898020AED98800AC0BBF /* LaunchScreen.storyboard */,
				3FBA898320AED98800AC0BBF /* Info.plist */,
			);
			path = MusicPlayer;
			sourceTree = "<group>";
		};
		3FEB134920B19D0D0069BF71 /* Model */ = {
			isa = PBXGroup;
			children = (
				3FAFF28E20AEE0D70015C46D /* GenreTableViewCell.swift */,
				3FEB134A20B19D490069BF71 /* SongsTableViewCell.swift */,
				3FE8AB5A20AF3EE80048A02E /* GenreInfo.swift */,
				3FEB134520B1921E0069BF71 /* SongInfo.swift */,
				3F0388BC20B2DC8B00D0CB38 /* AlbumInfo.swift */,
			);
			path = Model;
			sourceTree = "<group>";
		};
/* End PBXGroup section */

/* Begin PBXNativeTarget section */
		3FBA897320AED98800AC0BBF /* MusicPlayer */ = {
			isa = PBXNativeTarget;
			buildConfigurationList = 3FBA898620AED98800AC0BBF /* Build configuration list for PBXNativeTarget "MusicPlayer" */;
			buildPhases = (
				3FBA897020AED98800AC0BBF /* Sources */,
				3FBA897120AED98800AC0BBF /* Frameworks */,
				3FBA897220AED98800AC0BBF /* Resources */,
			);
			buildRules = (
			);
			dependencies = (
			);
			name = MusicPlayer;
			productName = MusicPlayer;
			productReference = 3FBA897420AED98800AC0BBF /* MusicPlayer.app */;
			productType = "com.apple.product-type.application";
		};
/* End PBXNativeTarget section */

/* Begin PBXProject section */
		3FBA896C20AED98800AC0BBF /* Project object */ = {
			isa = PBXProject;
			attributes = {
				LastSwiftUpdateCheck = 0920;
				LastUpgradeCheck = 0920;
				ORGANIZATIONNAME = "Radovan Corovic";
				TargetAttributes = {
					3FBA897320AED98800AC0BBF = {
						CreatedOnToolsVersion = 9.2;
						ProvisioningStyle = Automatic;
					};
				};
			};
			buildConfigurationList = 3FBA896F20AED98800AC0BBF /* Build configuration list for PBXProject "MusicPlayer" */;
			compatibilityVersion = "Xcode 8.0";
			developmentRegion = en;
			hasScannedForEncodings = 0;
			knownRegions = (
				en,
				Base,
			);
			mainGroup = 3FBA896B20AED98800AC0BBF;
			productRefGroup = 3FBA897520AED98800AC0BBF /* Products */;
			projectDirPath = "";
			projectRoot = "";
			targets = (
				3FBA897320AED98800AC0BBF /* MusicPlayer */,
			);
		};
/* End PBXProject section */

/* Begin PBXResourcesBuildPhase section */
		3FBA897220AED98800AC0BBF /* Resources */ = {
			isa = PBXResourcesBuildPhase;
			buildActionMask = 2147483647;
			files = (
				3FBA898220AED98800AC0BBF /* LaunchScreen.storyboard in Resources */,
				3FBA897F20AED98800AC0BBF /* Assets.xcassets in Resources */,
				3FBA897D20AED98800AC0BBF /* Main.storyboard in Resources */,
			);
			runOnlyForDeploymentPostprocessing = 0;
		};
/* End PBXResourcesBuildPhase section */

/* Begin PBXSourcesBuildPhase section */
		3FBA897020AED98800AC0BBF /* Sources */ = {
			isa = PBXSourcesBuildPhase;
			buildActionMask = 2147483647;
			files = (
				3FBA897A20AED98800AC0BBF /* ViewController.swift in Sources */,
				3FBA897820AED98800AC0BBF /* AppDelegate.swift in Sources */,
				3FEB134B20B19D490069BF71 /* SongsTableViewCell.swift in Sources */,
				3FAFF28F20AEE0D70015C46D /* GenreTableViewCell.swift in Sources */,
				3FEB134620B1921E0069BF71 /* SongInfo.swift in Sources */,
				3F0388B920B2D69000D0CB38 /* ArtistAlbumsViewController.swift in Sources */,
				3FE8AB5B20AF3EE90048A02E /* GenreInfo.swift in Sources */,
				3F0388B720B2CA0500D0CB38 /* SongDetailsViewController.swift in Sources */,
				3FEB134820B198750069BF71 /* SongsListViewController.swift in Sources */,
				3F0388BD20B2DC8B00D0CB38 /* AlbumInfo.swift in Sources */,
			);
			runOnlyForDeploymentPostprocessing = 0;
		};
/* End PBXSourcesBuildPhase section */

/* Begin PBXVariantGroup section */
		3FBA897B20AED98800AC0BBF /* Main.storyboard */ = {
			isa = PBXVariantGroup;
			children = (
				3FBA897C20AED98800AC0BBF /* Base */,
			);
			name = Main.storyboard;
			sourceTree = "<group>";
		};
		3FBA898020AED98800AC0BBF /* LaunchScreen.storyboard */ = {
			isa = PBXVariantGroup;
			children = (
				3FBA898120AED98800AC0BBF /* Base */,
			);
			name = LaunchScreen.storyboard;
			sourceTree = "<group>";
		};
/* End PBXVariantGroup section */

/* Begin XCBuildConfiguration section */
		3FBA898420AED98800AC0BBF /* Debug */ = {
			isa = XCBuildConfiguration;
			buildSettings = {
				ALWAYS_SEARCH_USER_PATHS = NO;
				CLANG_ANALYZER_NONNULL = YES;
				CLANG_ANALYZER_NUMBER_OBJECT_CONVERSION = YES_AGGRESSIVE;
				CLANG_CXX_LANGUAGE_STANDARD = "gnu++14";
				CLANG_CXX_LIBRARY = "libc++";
				CLANG_ENABLE_MODULES = YES;
				CLANG_ENABLE_OBJC_ARC = YES;
				CLANG_WARN_BLOCK_CAPTURE_AUTORELEASING = YES;
				CLANG_WARN_BOOL_CONVERSION = YES;
				CLANG_WARN_COMMA = YES;
				CLANG_WARN_CONSTANT_CONVERSION = YES;
				CLANG_WARN_DIRECT_OBJC_ISA_USAGE = YES_ERROR;
				CLANG_WARN_DOCUMENTATION_COMMENTS = YES;
				CLANG_WARN_EMPTY_BODY = YES;
				CLANG_WARN_ENUM_CONVERSION = YES;
				CLANG_WARN_INFINITE_RECURSION = YES;
				CLANG_WARN_INT_CONVERSION = YES;
				CLANG_WARN_NON_LITERAL_NULL_CONVERSION = YES;
				CLANG_WARN_OBJC_LITERAL_CONVERSION = YES;
				CLANG_WARN_OBJC_ROOT_CLASS = YES_ERROR;
				CLANG_WARN_RANGE_LOOP_ANALYSIS = YES;
				CLANG_WARN_STRICT_PROTOTYPES = YES;
				CLANG_WARN_SUSPICIOUS_MOVE = YES;
				CLANG_WARN_UNGUARDED_AVAILABILITY = YES_AGGRESSIVE;
				CLANG_WARN_UNREACHABLE_CODE = YES;
				CLANG_WARN__DUPLICATE_METHOD_MATCH = YES;
				CODE_SIGN_IDENTITY = "iPhone Developer";
				COPY_PHASE_STRIP = NO;
				DEBUG_INFORMATION_FORMAT = dwarf;
				ENABLE_STRICT_OBJC_MSGSEND = YES;
				ENABLE_TESTABILITY = YES;
				GCC_C_LANGUAGE_STANDARD = gnu11;
				GCC_DYNAMIC_NO_PIC = NO;
				GCC_NO_COMMON_BLOCKS = YES;
				GCC_OPTIMIZATION_LEVEL = 0;
				GCC_PREPROCESSOR_DEFINITIONS = (
					"DEBUG=1",
					"$(inherited)",
				);
				GCC_WARN_64_TO_32_BIT_CONVERSION = YES;
				GCC_WARN_ABOUT_RETURN_TYPE = YES_ERROR;
				GCC_WARN_UNDECLARED_SELECTOR = YES;
				GCC_WARN_UNINITIALIZED_AUTOS = YES_AGGRESSIVE;
				GCC_WARN_UNUSED_FUNCTION = YES;
				GCC_WARN_UNUSED_VARIABLE = YES;
				IPHONEOS_DEPLOYMENT_TARGET = 11.2;
				MTL_ENABLE_DEBUG_INFO = YES;
				ONLY_ACTIVE_ARCH = YES;
				SDKROOT = iphoneos;
				SWIFT_ACTIVE_COMPILATION_CONDITIONS = DEBUG;
				SWIFT_OPTIMIZATION_LEVEL = "-Onone";
			};
			name = Debug;
		};
		3FBA898520AED98800AC0BBF /* Release */ = {
			isa = XCBuildConfiguration;
			buildSettings = {
				ALWAYS_SEARCH_USER_PATHS = NO;
				CLANG_ANALYZER_NONNULL = YES;
				CLANG_ANALYZER_NUMBER_OBJECT_CONVERSION = YES_AGGRESSIVE;
				CLANG_CXX_LANGUAGE_STANDARD = "gnu++14";
				CLANG_CXX_LIBRARY = "libc++";
				CLANG_ENABLE_MODULES = YES;
				CLANG_ENABLE_OBJC_ARC = YES;
				CLANG_WARN_BLOCK_CAPTURE_AUTORELEASING = YES;
				CLANG_WARN_BOOL_CONVERSION = YES;
				CLANG_WARN_COMMA = YES;
				CLANG_WARN_CONSTANT_CONVERSION = YES;
				CLANG_WARN_DIRECT_OBJC_ISA_USAGE = YES_ERROR;
				CLANG_WARN_DOCUMENTATION_COMMENTS = YES;
				CLANG_WARN_EMPTY_BODY = YES;
				CLANG_WARN_ENUM_CONVERSION = YES;
				CLANG_WARN_INFINITE_RECURSION = YES;
				CLANG_WARN_INT_CONVERSION = YES;
				CLANG_WARN_NON_LITERAL_NULL_CONVERSION = YES;
				CLANG_WARN_OBJC_LITERAL_CONVERSION = YES;
				CLANG_WARN_OBJC_ROOT_CLASS = YES_ERROR;
				CLANG_WARN_RANGE_LOOP_ANALYSIS = YES;
				CLANG_WARN_STRICT_PROTOTYPES = YES;
				CLANG_WARN_SUSPICIOUS_MOVE = YES;
				CLANG_WARN_UNGUARDED_AVAILABILITY = YES_AGGRESSIVE;
				CLANG_WARN_UNREACHABLE_CODE = YES;
				CLANG_WARN__DUPLICATE_METHOD_MATCH = YES;
				CODE_SIGN_IDENTITY = "iPhone Developer";
				COPY_PHASE_STRIP = NO;
				DEBUG_INFORMATION_FORMAT = "dwarf-with-dsym";
				ENABLE_NS_ASSERTIONS = NO;
				ENABLE_STRICT_OBJC_MSGSEND = YES;
				GCC_C_LANGUAGE_STANDARD = gnu11;
				GCC_NO_COMMON_BLOCKS = YES;
				GCC_WARN_64_TO_32_BIT_CONVERSION = YES;
				GCC_WARN_ABOUT_RETURN_TYPE = YES_ERROR;
				GCC_WARN_UNDECLARED_SELECTOR = YES;
				GCC_WARN_UNINITIALIZED_AUTOS = YES_AGGRESSIVE;
				GCC_WARN_UNUSED_FUNCTION = YES;
				GCC_WARN_UNUSED_VARIABLE = YES;
				IPHONEOS_DEPLOYMENT_TARGET = 11.2;
				MTL_ENABLE_DEBUG_INFO = NO;
				SDKROOT = iphoneos;
				SWIFT_OPTIMIZATION_LEVEL = "-Owholemodule";
				VALIDATE_PRODUCT = YES;
			};
			name = Release;
		};
		3FBA898720AED98800AC0BBF /* Debug */ = {
			isa = XCBuildConfiguration;
			buildSettings = {
				ASSETCATALOG_COMPILER_APPICON_NAME = AppIcon;
				CODE_SIGN_STYLE = Automatic;
				DEVELOPMENT_TEAM = 6CL2ZA8ZDN;
				INFOPLIST_FILE = MusicPlayer/Info.plist;
				IPHONEOS_DEPLOYMENT_TARGET = 11.0;
				LD_RUNPATH_SEARCH_PATHS = "$(inherited) @executable_path/Frameworks";
				PRODUCT_BUNDLE_IDENTIFIER = radovan.corovic.MusicPlayer;
				PRODUCT_NAME = "$(TARGET_NAME)";
				SWIFT_VERSION = 4.0;
				TARGETED_DEVICE_FAMILY = "1,2";
			};
			name = Debug;
		};
		3FBA898820AED98800AC0BBF /* Release */ = {
			isa = XCBuildConfiguration;
			buildSettings = {
				ASSETCATALOG_COMPILER_APPICON_NAME = AppIcon;
				CODE_SIGN_STYLE = Automatic;
				DEVELOPMENT_TEAM = 6CL2ZA8ZDN;
				INFOPLIST_FILE = MusicPlayer/Info.plist;
				IPHONEOS_DEPLOYMENT_TARGET = 11.0;
				LD_RUNPATH_SEARCH_PATHS = "$(inherited) @executable_path/Frameworks";
				PRODUCT_BUNDLE_IDENTIFIER = radovan.corovic.MusicPlayer;
				PRODUCT_NAME = "$(TARGET_NAME)";
				SWIFT_VERSION = 4.0;
				TARGETED_DEVICE_FAMILY = "1,2";
			};
			name = Release;
		};
/* End XCBuildConfiguration section */

/* Begin XCConfigurationList section */
		3FBA896F20AED98800AC0BBF /* Build configuration list for PBXProject "MusicPlayer" */ = {
			isa = XCConfigurationList;
			buildConfigurations = (
				3FBA898420AED98800AC0BBF /* Debug */,
				3FBA898520AED98800AC0BBF /* Release */,
			);
			defaultConfigurationIsVisible = 0;
			defaultConfigurationName = Release;
		};
		3FBA898620AED98800AC0BBF /* Build configuration list for PBXNativeTarget "MusicPlayer" */ = {
			isa = XCConfigurationList;
			buildConfigurations = (
				3FBA898720AED98800AC0BBF /* Debug */,
				3FBA898820AED98800AC0BBF /* Release */,
			);
			defaultConfigurationIsVisible = 0;
			defaultConfigurationName = Release;
		};
/* End XCConfigurationList section */
	};
	rootObject = 3FBA896C20AED98800AC0BBF /* Project object */;
}
